
Microsoft Visual Studio Solution File, Format Version 12.00
# Visual Studio Version 16
VisualStudioVersion = 16.0.32407.337
MinimumVisualStudioVersion = 10.0.40219.1
Project("{FAE04EC0-301F-11D3-BF4B-00C04F79EFBC}") = "WebApplication_LPPA", "WebApplication_LPPA\WebApplication_LPPA.csproj", "{EF068436-5CD8-4BA1-8636-D1412E1998D5}"
EndProject
Global
	GlobalSection(SolutionConfigurationPlatforms) = preSolution
		Debug|Any CPU = Debug|Any CPU
		Release|Any CPU = Release|Any CPU
	EndGlobalSection
	GlobalSection(ProjectConfigurationPlatforms) = postSolution
		{EF068436-5CD8-4BA1-8636-D1412E1998D5}.Debug|Any CPU.ActiveCfg = Debug|Any CPU
		{EF068436-5CD8-4BA1-8636-D1412E1998D5}.Debug|Any CPU.Build.0 = Debug|Any CPU
		{EF068436-5CD8-4BA1-8636-D1412E1998D5}.Release|Any CPU.ActiveCfg = Release|Any CPU
		{EF068436-5CD8-4BA1-8636-D1412E1998D5}.Release|Any CPU.Build.0 = Release|Any CPU
	EndGlobalSection
	GlobalSection(SolutionProperties) = preSolution
		HideSolutionNode = FALSE
	EndGlobalSection
	GlobalSection(ExtensibilityGlobals) = postSolution
		SolutionGuid = {BC605B12-7549-4EE5-ACE7-4ADD4D788CF4}
	EndGlobalSection
EndGlobal
